
Microsoft Visual Studio Solution File, Format Version 12.00
# Visual Studio Version 17
VisualStudioVersion = 17.9.34701.34
MinimumVisualStudioVersion = 10.0.40219.1
Project("{FAE04EC0-301F-11D3-BF4B-00C04F79EFBC}") = "ConsoleAppWork", "ConsoleAppWork.csproj", "{1590D93D-1614-4857-988F-F6403AD86036}"
EndProject
Global
	GlobalSection(SolutionConfigurationPlatforms) = preSolution
		Debug|Any CPU = Debug|Any CPU
		Release|Any CPU = Release|Any CPU
	EndGlobalSection
	GlobalSection(ProjectConfigurationPlatforms) = postSolution
		{1590D93D-1614-4857-988F-F6403AD86036}.Debug|Any CPU.ActiveCfg = Debug|Any CPU
		{1590D93D-1614-4857-988F-F6403AD86036}.Debug|Any CPU.Build.0 = Debug|Any CPU
		{1590D93D-1614-4857-988F-F6403AD86036}.Release|Any CPU.ActiveCfg = Release|Any CPU
		{1590D93D-1614-4857-988F-F6403AD86036}.Release|Any CPU.Build.0 = Release|Any CPU
	EndGlobalSection
	GlobalSection(SolutionProperties) = preSolution
		HideSolutionNode = FALSE
	EndGlobalSection
	GlobalSection(ExtensibilityGlobals) = postSolution
		SolutionGuid = {DFB34F3B-8470-4FF5-9E9E-717676E93AC6}
	EndGlobalSection
EndGlobal
